
Microsoft Visual Studio Solution File, Format Version 12.00
# Visual Studio Version 16
VisualStudioVersion = 16.0.29324.140
MinimumVisualStudioVersion = 10.0.40219.1
Project("{FAE04EC0-301F-11D3-BF4B-00C04F79EFBC}") = "Client", "Client.csproj", "{F81751C7-2BF4-4EAF-8820-5C7A8B98B9ED}"
EndProject
Project("{FAE04EC0-301F-11D3-BF4B-00C04F79EFBC}") = "Server_1", "..\Server_1\Server_1.csproj", "{F44446AE-0A36-4935-8565-5243FC8D5DF8}"
EndProject
Global
	GlobalSection(SolutionConfigurationPlatforms) = preSolution
		Debug|Any CPU = Debug|Any CPU
		Release|Any CPU = Release|Any CPU
	EndGlobalSection
	GlobalSection(ProjectConfigurationPlatforms) = postSolution
		{F81751C7-2BF4-4EAF-8820-5C7A8B98B9ED}.Debug|Any CPU.ActiveCfg = Debug|Any CPU
		{F81751C7-2BF4-4EAF-8820-5C7A8B98B9ED}.Debug|Any CPU.Build.0 = Debug|Any CPU
		{F81751C7-2BF4-4EAF-8820-5C7A8B98B9ED}.Release|Any CPU.ActiveCfg = Release|Any CPU
		{F81751C7-2BF4-4EAF-8820-5C7A8B98B9ED}.Release|Any CPU.Build.0 = Release|Any CPU
		{F44446AE-0A36-4935-8565-5243FC8D5DF8}.Debug|Any CPU.ActiveCfg = Debug|Any CPU
		{F44446AE-0A36-4935-8565-5243FC8D5DF8}.Debug|Any CPU.Build.0 = Debug|Any CPU
		{F44446AE-0A36-4935-8565-5243FC8D5DF8}.Release|Any CPU.ActiveCfg = Release|Any CPU
		{F44446AE-0A36-4935-8565-5243FC8D5DF8}.Release|Any CPU.Build.0 = Release|Any CPU
	EndGlobalSection
	GlobalSection(SolutionProperties) = preSolution
		HideSolutionNode = FALSE
	EndGlobalSection
	GlobalSection(ExtensibilityGlobals) = postSolution
		SolutionGuid = {20284522-A70B-4F0C-A804-79E20650D630}
	EndGlobalSection
EndGlobal
